// !$*UTF8*$!
{
	archiveVersion = 1;
	classes = {
	};
	objectVersion = 50;
	objects = {

/* Begin PBXBuildFile section */
		494520EE232AD2F000D7E511 /* testConvertTemperatures.swift in Sources */ = {isa = PBXBuildFile; fileRef = 494520ED232AD2F000D7E511 /* testConvertTemperatures.swift */; };
		49B9972E232AD67900ACE632 /* convertTempertures.swift in Sources */ = {isa = PBXBuildFile; fileRef = 49B9972C232AD67900ACE632 /* convertTempertures.swift */; };
		49B9972F232AD67900ACE632 /* main.swift in Sources */ = {isa = PBXBuildFile; fileRef = 49B9972D232AD67900ACE632 /* main.swift */; };
		49B99730232AD6CB00ACE632 /* main.swift in Sources */ = {isa = PBXBuildFile; fileRef = 49B9972D232AD67900ACE632 /* main.swift */; };
		49B99731232AD6CE00ACE632 /* convertTempertures.swift in Sources */ = {isa = PBXBuildFile; fileRef = 49B9972C232AD67900ACE632 /* convertTempertures.swift */; };
/* End PBXBuildFile section */

/* Begin PBXCopyFilesBuildPhase section */
		494520D7232AD26300D7E511 /* CopyFiles */ = {
			isa = PBXCopyFilesBuildPhase;
			buildActionMask = 2147483647;
			dstPath = /usr/share/man/man1/;
			dstSubfolderSpec = 0;
			files = (
			);
			runOnlyForDeploymentPostprocessing = 1;
		};
/* End PBXCopyFilesBuildPhase section */

/* Begin PBXFileReference section */
		494520D9232AD26300D7E511 /* convertTemperature */ = {isa = PBXFileReference; explicitFileType = "compiled.mach-o.executable"; includeInIndex = 0; path = convertTemperature; sourceTree = BUILT_PRODUCTS_DIR; };
		494520EB232AD2F000D7E511 /* unittest.xctest */ = {isa = PBXFileReference; explicitFileType = wrapper.cfbundle; includeInIndex = 0; path = unittest.xctest; sourceTree = BUILT_PRODUCTS_DIR; };
		494520ED232AD2F000D7E511 /* testConvertTemperatures.swift */ = {isa = PBXFileReference; lastKnownFileType = sourcecode.swift; path = testConvertTemperatures.swift; sourceTree = "<group>"; };
		494520EF232AD2F000D7E511 /* Info.plist */ = {isa = PBXFileReference; lastKnownFileType = text.plist.xml; path = Info.plist; sourceTree = "<group>"; };
		494520F7232AD40800D7E511 /* README.md */ = {isa = PBXFileReference; lastKnownFileType = net.daringfireball.markdown; path = README.md; sourceTree = "<group>"; };
		49B9972C232AD67900ACE632 /* convertTempertures.swift */ = {isa = PBXFileReference; fileEncoding = 4; lastKnownFileType = sourcecode.swift; path = convertTempertures.swift; sourceTree = "<group>"; };
		49B9972D232AD67900ACE632 /* main.swift */ = {isa = PBXFileReference; fileEncoding = 4; lastKnownFileType = sourcecode.swift; path = main.swift; sourceTree = "<group>"; };
/* End PBXFileReference section */

/* Begin PBXFrameworksBuildPhase section */
		494520D6232AD26300D7E511 /* Frameworks */ = {
			isa = PBXFrameworksBuildPhase;
			buildActionMask = 2147483647;
			files = (
			);
			runOnlyForDeploymentPostprocessing = 0;
		};
		494520E8232AD2F000D7E511 /* Frameworks */ = {
			isa = PBXFrameworksBuildPhase;
			buildActionMask = 2147483647;
			files = (
			);
			runOnlyForDeploymentPostprocessing = 0;
		};
/* End PBXFrameworksBuildPhase section */

/* Begin PBXGroup section */
		494520D0232AD26300D7E511 = {
			isa = PBXGroup;
			children = (
				494520F7232AD40800D7E511 /* README.md */,
				494520DB232AD26300D7E511 /* convertTemperature */,
				494520EC232AD2F000D7E511 /* unittest */,
				494520DA232AD26300D7E511 /* Products */,
			);
			sourceTree = "<group>";
		};
		494520DA232AD26300D7E511 /* Products */ = {
			isa = PBXGroup;
			children = (
				494520D9232AD26300D7E511 /* convertTemperature */,
				494520EB232AD2F000D7E511 /* unittest.xctest */,
			);
			name = Products;
			sourceTree = "<group>";
		};
		494520DB232AD26300D7E511 /* convertTemperature */ = {
			isa = PBXGroup;
			children = (
				49B9972C232AD67900ACE632 /* convertTempertures.swift */,
				49B9972D232AD67900ACE632 /* main.swift */,
			);
			path = convertTemperature;
			sourceTree = "<group>";
		};
		494520EC232AD2F000D7E511 /* unittest */ = {
			isa = PBXGroup;
			children = (
				494520ED232AD2F000D7E511 /* testConvertTemperatures.swift */,
				494520EF232AD2F000D7E511 /* Info.plist */,
			);
			path = unittest;
			sourceTree = "<group>";
		};
/* End PBXGroup section */

/* Begin PBXNativeTarget section */
		494520D8232AD26300D7E511 /* convertTemperature */ = {
			isa = PBXNativeTarget;
			buildConfigurationList = 494520E0232AD26300D7E511 /* Build configuration list for PBXNativeTarget "convertTemperature" */;
			buildPhases = (
				494520D5232AD26300D7E511 /* Sources */,
				494520D6232AD26300D7E511 /* Frameworks */,
				494520D7232AD26300D7E511 /* CopyFiles */,
			);
			buildRules = (
			);
			dependencies = (
			);
			name = convertTemperature;
			productName = convertTemperature;
			productReference = 494520D9232AD26300D7E511 /* convertTemperature */;
			productType = "com.apple.product-type.tool";
		};
		494520EA232AD2F000D7E511 /* unittest */ = {
			isa = PBXNativeTarget;
			buildConfigurationList = 494520F0232AD2F000D7E511 /* Build configuration list for PBXNativeTarget "unittest" */;
			buildPhases = (
				494520E7232AD2F000D7E511 /* Sources */,
				494520E8232AD2F000D7E511 /* Frameworks */,
				494520E9232AD2F000D7E511 /* Resources */,
			);
			buildRules = (
			);
			dependencies = (
			);
			name = unittest;
			productName = unittest;
			productReference = 494520EB232AD2F000D7E511 /* unittest.xctest */;
			productType = "com.apple.product-type.bundle.unit-test";
		};
/* End PBXNativeTarget section */

/* Begin PBXProject section */
		494520D1232AD26300D7E511 /* Project object */ = {
			isa = PBXProject;
			attributes = {
				LastSwiftUpdateCheck = 1030;
				LastUpgradeCheck = 1030;
				ORGANIZATIONNAME = "Marc Kevin Bendig";
				TargetAttributes = {
					494520D8232AD26300D7E511 = {
						CreatedOnToolsVersion = 10.3;
					};
					494520EA232AD2F000D7E511 = {
						CreatedOnToolsVersion = 10.3;
					};
				};
			};
			buildConfigurationList = 494520D4232AD26300D7E511 /* Build configuration list for PBXProject "convertTemperature" */;
			compatibilityVersion = "Xcode 9.3";
			developmentRegion = en;
			hasScannedForEncodings = 0;
			knownRegions = (
				en,
			);
			mainGroup = 494520D0232AD26300D7E511;
			productRefGroup = 494520DA232AD26300D7E511 /* Products */;
			projectDirPath = "";
			projectRoot = "";
			targets = (
				494520D8232AD26300D7E511 /* convertTemperature */,
				494520EA232AD2F000D7E511 /* unittest */,
			);
		};
/* End PBXProject section */

/* Begin PBXResourcesBuildPhase section */
		494520E9232AD2F000D7E511 /* Resources */ = {
			isa = PBXResourcesBuildPhase;
			buildActionMask = 2147483647;
			files = (
			);
			runOnlyForDeploymentPostprocessing = 0;
		};
/* End PBXResourcesBuildPhase section */

/* Begin PBXSourcesBuildPhase section */
		494520D5232AD26300D7E511 /* Sources */ = {
			isa = PBXSourcesBuildPhase;
			buildActionMask = 2147483647;
			files = (
				49B9972F232AD67900ACE632 /* main.swift in Sources */,
				49B9972E232AD67900ACE632 /* convertTempertures.swift in Sources */,
			);
			runOnlyForDeploymentPostprocessing = 0;
		};
		494520E7232AD2F000D7E511 /* Sources */ = {
			isa = PBXSourcesBuildPhase;
			buildActionMask = 2147483647;
			files = (
				49B99730232AD6CB00ACE632 /* main.swift in Sources */,
				494520EE232AD2F000D7E511 /* testConvertTemperatures.swift in Sources */,
				49B99731232AD6CE00ACE632 /* convertTempertures.swift in Sources */,
			);
			runOnlyForDeploymentPostprocessing = 0;
		};
/* End PBXSourcesBuildPhase section */

/* Begin XCBuildConfiguration section */
		494520DE232AD26300D7E511 /* Debug */ = {
			isa = XCBuildConfiguration;
			buildSettings = {
				ALWAYS_SEARCH_USER_PATHS = NO;
				CLANG_ANALYZER_NONNULL = YES;
				CLANG_ANALYZER_NUMBER_OBJECT_CONVERSION = YES_AGGRESSIVE;
				CLANG_CXX_LANGUAGE_STANDARD = "gnu++14";
				CLANG_CXX_LIBRARY = "libc++";
				CLANG_ENABLE_MODULES = YES;
				CLANG_ENABLE_OBJC_ARC = YES;
				CLANG_ENABLE_OBJC_WEAK = YES;
				CLANG_WARN_BLOCK_CAPTURE_AUTORELEASING = YES;
				CLANG_WARN_BOOL_CONVERSION = YES;
				CLANG_WARN_COMMA = YES;
				CLANG_WARN_CONSTANT_CONVERSION = YES;
				CLANG_WARN_DEPRECATED_OBJC_IMPLEMENTATIONS = YES;
				CLANG_WARN_DIRECT_OBJC_ISA_USAGE = YES_ERROR;
				CLANG_WARN_DOCUMENTATION_COMMENTS = YES;
				CLANG_WARN_EMPTY_BODY = YES;
				CLANG_WARN_ENUM_CONVERSION = YES;
				CLANG_WARN_INFINITE_RECURSION = YES;
				CLANG_WARN_INT_CONVERSION = YES;
				CLANG_WARN_NON_LITERAL_NULL_CONVERSION = YES;
				CLANG_WARN_OBJC_IMPLICIT_RETAIN_SELF = YES;
				CLANG_WARN_OBJC_LITERAL_CONVERSION = YES;
				CLANG_WARN_OBJC_ROOT_CLASS = YES_ERROR;
				CLANG_WARN_RANGE_LOOP_ANALYSIS = YES;
				CLANG_WARN_STRICT_PROTOTYPES = YES;
				CLANG_WARN_SUSPICIOUS_MOVE = YES;
				CLANG_WARN_UNGUARDED_AVAILABILITY = YES_AGGRESSIVE;
				CLANG_WARN_UNREACHABLE_CODE = YES;
				CLANG_WARN__DUPLICATE_METHOD_MATCH = YES;
				CODE_SIGN_IDENTITY = "Mac Developer";
				COPY_PHASE_STRIP = NO;
				DEBUG_INFORMATION_FORMAT = dwarf;
				ENABLE_STRICT_OBJC_MSGSEND = YES;
				ENABLE_TESTABILITY = YES;
				GCC_C_LANGUAGE_STANDARD = gnu11;
				GCC_DYNAMIC_NO_PIC = NO;
				GCC_NO_COMMON_BLOCKS = YES;
				GCC_OPTIMIZATION_LEVEL = 0;
				GCC_PREPROCESSOR_DEFINITIONS = (
					"DEBUG=1",
					"$(inherited)",
				);
				GCC_WARN_64_TO_32_BIT_CONVERSION = YES;
				GCC_WARN_ABOUT_RETURN_TYPE = YES_ERROR;
				GCC_WARN_UNDECLARED_SELECTOR = YES;
				GCC_WARN_UNINITIALIZED_AUTOS = YES_AGGRESSIVE;
				GCC_WARN_UNUSED_FUNCTION = YES;
				GCC_WARN_UNUSED_VARIABLE = YES;
				MACOSX_DEPLOYMENT_TARGET = 10.14;
				MTL_ENABLE_DEBUG_INFO = INCLUDE_SOURCE;
				MTL_FAST_MATH = YES;
				ONLY_ACTIVE_ARCH = YES;
				SDKROOT = macosx;
				SWIFT_ACTIVE_COMPILATION_CONDITIONS = DEBUG;
				SWIFT_OPTIMIZATION_LEVEL = "-Onone";
			};
			name = Debug;
		};
		494520DF232AD26300D7E511 /* Release */ = {
			isa = XCBuildConfiguration;
			buildSettings = {
				ALWAYS_SEARCH_USER_PATHS = NO;
				CLANG_ANALYZER_NONNULL = YES;
				CLANG_ANALYZER_NUMBER_OBJECT_CONVERSION = YES_AGGRESSIVE;
				CLANG_CXX_LANGUAGE_STANDARD = "gnu++14";
				CLANG_CXX_LIBRARY = "libc++";
				CLANG_ENABLE_MODULES = YES;
				CLANG_ENABLE_OBJC_ARC = YES;
				CLANG_ENABLE_OBJC_WEAK = YES;
				CLANG_WARN_BLOCK_CAPTURE_AUTORELEASING = YES;
				CLANG_WARN_BOOL_CONVERSION = YES;
				CLANG_WARN_COMMA = YES;
				CLANG_WARN_CONSTANT_CONVERSION = YES;
				CLANG_WARN_DEPRECATED_OBJC_IMPLEMENTATIONS = YES;
				CLANG_WARN_DIRECT_OBJC_ISA_USAGE = YES_ERROR;
				CLANG_WARN_DOCUMENTATION_COMMENTS = YES;
				CLANG_WARN_EMPTY_BODY = YES;
				CLANG_WARN_ENUM_CONVERSION = YES;
				CLANG_WARN_INFINITE_RECURSION = YES;
				CLANG_WARN_INT_CONVERSION = YES;
				CLANG_WARN_NON_LITERAL_NULL_CONVERSION = YES;
				CLANG_WARN_OBJC_IMPLICIT_RETAIN_SELF = YES;
				CLANG_WARN_OBJC_LITERAL_CONVERSION = YES;
				CLANG_WARN_OBJC_ROOT_CLASS = YES_ERROR;
				CLANG_WARN_RANGE_LOOP_ANALYSIS = YES;
				CLANG_WARN_STRICT_PROTOTYPES = YES;
				CLANG_WARN_SUSPICIOUS_MOVE = YES;
				CLANG_WARN_UNGUARDED_AVAILABILITY = YES_AGGRESSIVE;
				CLANG_WARN_UNREACHABLE_CODE = YES;
				CLANG_WARN__DUPLICATE_METHOD_MATCH = YES;
				CODE_SIGN_IDENTITY = "Mac Developer";
				COPY_PHASE_STRIP = NO;
				DEBUG_INFORMATION_FORMAT = "dwarf-with-dsym";
				ENABLE_NS_ASSERTIONS = NO;
				ENABLE_STRICT_OBJC_MSGSEND = YES;
				GCC_C_LANGUAGE_STANDARD = gnu11;
				GCC_NO_COMMON_BLOCKS = YES;
				GCC_WARN_64_TO_32_BIT_CONVERSION = YES;
				GCC_WARN_ABOUT_RETURN_TYPE = YES_ERROR;
				GCC_WARN_UNDECLARED_SELECTOR = YES;
				GCC_WARN_UNINITIALIZED_AUTOS = YES_AGGRESSIVE;
				GCC_WARN_UNUSED_FUNCTION = YES;
				GCC_WARN_UNUSED_VARIABLE = YES;
				MACOSX_DEPLOYMENT_TARGET = 10.14;
				MTL_ENABLE_DEBUG_INFO = NO;
				MTL_FAST_MATH = YES;
				SDKROOT = macosx;
				SWIFT_COMPILATION_MODE = wholemodule;
				SWIFT_OPTIMIZATION_LEVEL = "-O";
			};
			name = Release;
		};
		494520E1232AD26300D7E511 /* Debug */ = {
			isa = XCBuildConfiguration;
			buildSettings = {
				CODE_SIGN_STYLE = Automatic;
				DEVELOPMENT_TEAM = PUEDFD54TD;
				PRODUCT_NAME = "$(TARGET_NAME)";
				SWIFT_VERSION = 5.0;
			};
			name = Debug;
		};
		494520E2232AD26300D7E511 /* Release */ = {
			isa = XCBuildConfiguration;
			buildSettings = {
				CODE_SIGN_STYLE = Automatic;
				DEVELOPMENT_TEAM = PUEDFD54TD;
				PRODUCT_NAME = "$(TARGET_NAME)";
				SWIFT_VERSION = 5.0;
			};
			name = Release;
		};
		494520F1232AD2F000D7E511 /* Debug */ = {
			isa = XCBuildConfiguration;
			buildSettings = {
				CODE_SIGN_STYLE = Automatic;
				COMBINE_HIDPI_IMAGES = YES;
				DEVELOPMENT_TEAM = PUEDFD54TD;
				INFOPLIST_FILE = unittest/Info.plist;
				LD_RUNPATH_SEARCH_PATHS = (
					"$(inherited)",
					"@executable_path/../Frameworks",
					"@loader_path/../Frameworks",
				);
				PRODUCT_BUNDLE_IDENTIFIER = mkb.unittest;
				PRODUCT_NAME = "$(TARGET_NAME)";
				SWIFT_VERSION = 5.0;
			};
			name = Debug;
		};
		494520F2232AD2F000D7E511 /* Release */ = {
			isa = XCBuildConfiguration;
			buildSettings = {
				CODE_SIGN_STYLE = Automatic;
				COMBINE_HIDPI_IMAGES = YES;
				DEVELOPMENT_TEAM = PUEDFD54TD;
				INFOPLIST_FILE = unittest/Info.plist;
				LD_RUNPATH_SEARCH_PATHS = (
					"$(inherited)",
					"@executable_path/../Frameworks",
					"@loader_path/../Frameworks",
				);
				PRODUCT_BUNDLE_IDENTIFIER = mkb.unittest;
				PRODUCT_NAME = "$(TARGET_NAME)";
				SWIFT_VERSION = 5.0;
			};
			name = Release;
		};
/* End XCBuildConfiguration section */

/* Begin XCConfigurationList section */
		494520D4232AD26300D7E511 /* Build configuration list for PBXProject "convertTemperature" */ = {
			isa = XCConfigurationList;
			buildConfigurations = (
				494520DE232AD26300D7E511 /* Debug */,
				494520DF232AD26300D7E511 /* Release */,
			);
			defaultConfigurationIsVisible = 0;
			defaultConfigurationName = Release;
		};
		494520E0232AD26300D7E511 /* Build configuration list for PBXNativeTarget "convertTemperature" */ = {
			isa = XCConfigurationList;
			buildConfigurations = (
				494520E1232AD26300D7E511 /* Debug */,
				494520E2232AD26300D7E511 /* Release */,
			);
			defaultConfigurationIsVisible = 0;
			defaultConfigurationName = Release;
		};
		494520F0232AD2F000D7E511 /* Build configuration list for PBXNativeTarget "unittest" */ = {
			isa = XCConfigurationList;
			buildConfigurations = (
				494520F1232AD2F000D7E511 /* Debug */,
				494520F2232AD2F000D7E511 /* Release */,
			);
			defaultConfigurationIsVisible = 0;
			defaultConfigurationName = Release;
		};
/* End XCConfigurationList section */
	};
	rootObject = 494520D1232AD26300D7E511 /* Project object */;
}
